
Microsoft Visual Studio Solution File, Format Version 12.00
# Visual Studio Version 17
VisualStudioVersion = 17.9.34723.18
MinimumVisualStudioVersion = 10.0.40219.1
Project("{FAE04EC0-301F-11D3-BF4B-00C04F79EFBC}") = "LibrarySystem.xUnit", "LibrarySystem.xUnit\LibrarySystem.xUnit.csproj", "{92754AA7-7A54-43B3-90E5-37E35A38BF2F}"
EndProject
Project("{FAE04EC0-301F-11D3-BF4B-00C04F79EFBC}") = "LibrarySystem.xUnit.Methods", "LibrarySystem.xUnit.Methods\LibrarySystem.xUnit.Methods.csproj", "{CE3483CE-8179-4117-9A77-60127001AD8F}"
EndProject
Global
	GlobalSection(SolutionConfigurationPlatforms) = preSolution
		Debug|Any CPU = Debug|Any CPU
		Release|Any CPU = Release|Any CPU
	EndGlobalSection
	GlobalSection(ProjectConfigurationPlatforms) = postSolution
		{92754AA7-7A54-43B3-90E5-37E35A38BF2F}.Debug|Any CPU.ActiveCfg = Debug|Any CPU
		{92754AA7-7A54-43B3-90E5-37E35A38BF2F}.Debug|Any CPU.Build.0 = Debug|Any CPU
		{92754AA7-7A54-43B3-90E5-37E35A38BF2F}.Release|Any CPU.ActiveCfg = Release|Any CPU
		{92754AA7-7A54-43B3-90E5-37E35A38BF2F}.Release|Any CPU.Build.0 = Release|Any CPU
		{CE3483CE-8179-4117-9A77-60127001AD8F}.Debug|Any CPU.ActiveCfg = Debug|Any CPU
		{CE3483CE-8179-4117-9A77-60127001AD8F}.Debug|Any CPU.Build.0 = Debug|Any CPU
		{CE3483CE-8179-4117-9A77-60127001AD8F}.Release|Any CPU.ActiveCfg = Release|Any CPU
		{CE3483CE-8179-4117-9A77-60127001AD8F}.Release|Any CPU.Build.0 = Release|Any CPU
	EndGlobalSection
	GlobalSection(SolutionProperties) = preSolution
		HideSolutionNode = FALSE
	EndGlobalSection
	GlobalSection(ExtensibilityGlobals) = postSolution
		SolutionGuid = {D7E52D85-6703-436D-B6FD-0D1A2C7362AB}
	EndGlobalSection
EndGlobal
